// !$*UTF8*$!
{
	archiveVersion = 1;
	classes = {
	};
	objectVersion = 51;
	objects = {

/* Begin PBXBuildFile section */
		3288FC50E09B67BC3C937D05 /* Pods_Swift_Practice.framework in Frameworks */ = {isa = PBXBuildFile; fileRef = 7298E96A511DB18B524C570F /* Pods_Swift_Practice.framework */; };
		3864511723D9B42600E75BAD /* AppDelegate.swift in Sources */ = {isa = PBXBuildFile; fileRef = 3864511623D9B42600E75BAD /* AppDelegate.swift */; };
		3864511923D9B42600E75BAD /* SceneDelegate.swift in Sources */ = {isa = PBXBuildFile; fileRef = 3864511823D9B42600E75BAD /* SceneDelegate.swift */; };
		3864511B23D9B42600E75BAD /* ContentView.swift in Sources */ = {isa = PBXBuildFile; fileRef = 3864511A23D9B42600E75BAD /* ContentView.swift */; };
		3864511D23D9B42800E75BAD /* Assets.xcassets in Resources */ = {isa = PBXBuildFile; fileRef = 3864511C23D9B42800E75BAD /* Assets.xcassets */; };
		3864512023D9B42800E75BAD /* Preview Assets.xcassets in Resources */ = {isa = PBXBuildFile; fileRef = 3864511F23D9B42800E75BAD /* Preview Assets.xcassets */; };
		3864512323D9B42800E75BAD /* LaunchScreen.storyboard in Resources */ = {isa = PBXBuildFile; fileRef = 3864512123D9B42800E75BAD /* LaunchScreen.storyboard */; };
		3864512D23D9B4DF00E75BAD /* TableViewController.swift in Sources */ = {isa = PBXBuildFile; fileRef = 3864512B23D9B4DF00E75BAD /* TableViewController.swift */; };
		3864512E23D9B4DF00E75BAD /* TableViewController.xib in Resources */ = {isa = PBXBuildFile; fileRef = 3864512C23D9B4DF00E75BAD /* TableViewController.xib */; };
		3864513123D9C07100E75BAD /* ExampleViewController.swift in Sources */ = {isa = PBXBuildFile; fileRef = 3864512F23D9C07100E75BAD /* ExampleViewController.swift */; };
		3864513223D9C07100E75BAD /* ExampleViewController.xib in Resources */ = {isa = PBXBuildFile; fileRef = 3864513023D9C07100E75BAD /* ExampleViewController.xib */; };
		3864513523D9F67100E75BAD /* SectionOfCustomData.swift in Sources */ = {isa = PBXBuildFile; fileRef = 3864513423D9F67100E75BAD /* SectionOfCustomData.swift */; };
		3864513823DD665100E75BAD /* TableViewModel.swift in Sources */ = {isa = PBXBuildFile; fileRef = 3864513723DD665100E75BAD /* TableViewModel.swift */; };
		387617B123E4738D001B70A8 /* DetailViewController.swift in Sources */ = {isa = PBXBuildFile; fileRef = 387617AF23E4738D001B70A8 /* DetailViewController.swift */; };
		387617B223E4738D001B70A8 /* DetailViewController.xib in Resources */ = {isa = PBXBuildFile; fileRef = 387617B023E4738D001B70A8 /* DetailViewController.xib */; };
		387617B523E51D56001B70A8 /* RealmViewController.swift in Sources */ = {isa = PBXBuildFile; fileRef = 387617B323E51D56001B70A8 /* RealmViewController.swift */; };
		387617B623E51D56001B70A8 /* RealmViewController.xib in Resources */ = {isa = PBXBuildFile; fileRef = 387617B423E51D56001B70A8 /* RealmViewController.xib */; };
		387617B823E52780001B70A8 /* RealmModel.swift in Sources */ = {isa = PBXBuildFile; fileRef = 387617B723E52780001B70A8 /* RealmModel.swift */; };
		387617BA23E53838001B70A8 /* RealmViewModel.swift in Sources */ = {isa = PBXBuildFile; fileRef = 387617B923E53838001B70A8 /* RealmViewModel.swift */; };
		38E5705023E580CC00122636 /* ApiViewController.swift in Sources */ = {isa = PBXBuildFile; fileRef = 38E5704E23E580CC00122636 /* ApiViewController.swift */; };
		38E5705123E580CC00122636 /* ApiViewController.xib in Resources */ = {isa = PBXBuildFile; fileRef = 38E5704F23E580CC00122636 /* ApiViewController.xib */; };
		38E5705323E580E100122636 /* ApiViewModel.swift in Sources */ = {isa = PBXBuildFile; fileRef = 38E5705223E580E100122636 /* ApiViewModel.swift */; };
		38E5705523E582BA00122636 /* ApiModel.swift in Sources */ = {isa = PBXBuildFile; fileRef = 38E5705423E582BA00122636 /* ApiModel.swift */; };
/* End PBXBuildFile section */

/* Begin PBXFileReference section */
		29918EF2A4FBC581F70C69BE /* Pods-Swift_Practice.debug.xcconfig */ = {isa = PBXFileReference; includeInIndex = 1; lastKnownFileType = text.xcconfig; name = "Pods-Swift_Practice.debug.xcconfig"; path = "Target Support Files/Pods-Swift_Practice/Pods-Swift_Practice.debug.xcconfig"; sourceTree = "<group>"; };
		3864511323D9B42600E75BAD /* Swift_Practice.app */ = {isa = PBXFileReference; explicitFileType = wrapper.application; includeInIndex = 0; path = Swift_Practice.app; sourceTree = BUILT_PRODUCTS_DIR; };
		3864511623D9B42600E75BAD /* AppDelegate.swift */ = {isa = PBXFileReference; lastKnownFileType = sourcecode.swift; path = AppDelegate.swift; sourceTree = "<group>"; };
		3864511823D9B42600E75BAD /* SceneDelegate.swift */ = {isa = PBXFileReference; lastKnownFileType = sourcecode.swift; path = SceneDelegate.swift; sourceTree = "<group>"; };
		3864511A23D9B42600E75BAD /* ContentView.swift */ = {isa = PBXFileReference; lastKnownFileType = sourcecode.swift; path = ContentView.swift; sourceTree = "<group>"; };
		3864511C23D9B42800E75BAD /* Assets.xcassets */ = {isa = PBXFileReference; lastKnownFileType = folder.assetcatalog; path = Assets.xcassets; sourceTree = "<group>"; };
		3864511F23D9B42800E75BAD /* Preview Assets.xcassets */ = {isa = PBXFileReference; lastKnownFileType = folder.assetcatalog; path = "Preview Assets.xcassets"; sourceTree = "<group>"; };
		3864512223D9B42800E75BAD /* Base */ = {isa = PBXFileReference; lastKnownFileType = file.storyboard; name = Base; path = Base.lproj/LaunchScreen.storyboard; sourceTree = "<group>"; };
		3864512423D9B42800E75BAD /* Info.plist */ = {isa = PBXFileReference; lastKnownFileType = text.plist.xml; path = Info.plist; sourceTree = "<group>"; };
		3864512B23D9B4DF00E75BAD /* TableViewController.swift */ = {isa = PBXFileReference; lastKnownFileType = sourcecode.swift; path = TableViewController.swift; sourceTree = "<group>"; };
		3864512C23D9B4DF00E75BAD /* TableViewController.xib */ = {isa = PBXFileReference; lastKnownFileType = file.xib; path = TableViewController.xib; sourceTree = "<group>"; };
		3864512F23D9C07100E75BAD /* ExampleViewController.swift */ = {isa = PBXFileReference; lastKnownFileType = sourcecode.swift; path = ExampleViewController.swift; sourceTree = "<group>"; };
		3864513023D9C07100E75BAD /* ExampleViewController.xib */ = {isa = PBXFileReference; lastKnownFileType = file.xib; path = ExampleViewController.xib; sourceTree = "<group>"; };
		3864513423D9F67100E75BAD /* SectionOfCustomData.swift */ = {isa = PBXFileReference; lastKnownFileType = sourcecode.swift; path = SectionOfCustomData.swift; sourceTree = "<group>"; };
		3864513723DD665100E75BAD /* TableViewModel.swift */ = {isa = PBXFileReference; lastKnownFileType = sourcecode.swift; path = TableViewModel.swift; sourceTree = "<group>"; };
		387617AF23E4738D001B70A8 /* DetailViewController.swift */ = {isa = PBXFileReference; lastKnownFileType = sourcecode.swift; path = DetailViewController.swift; sourceTree = "<group>"; };
		387617B023E4738D001B70A8 /* DetailViewController.xib */ = {isa = PBXFileReference; lastKnownFileType = file.xib; path = DetailViewController.xib; sourceTree = "<group>"; };
		387617B323E51D56001B70A8 /* RealmViewController.swift */ = {isa = PBXFileReference; lastKnownFileType = sourcecode.swift; path = RealmViewController.swift; sourceTree = "<group>"; };
		387617B423E51D56001B70A8 /* RealmViewController.xib */ = {isa = PBXFileReference; lastKnownFileType = file.xib; path = RealmViewController.xib; sourceTree = "<group>"; };
		387617B723E52780001B70A8 /* RealmModel.swift */ = {isa = PBXFileReference; lastKnownFileType = sourcecode.swift; path = RealmModel.swift; sourceTree = "<group>"; };
		387617B923E53838001B70A8 /* RealmViewModel.swift */ = {isa = PBXFileReference; lastKnownFileType = sourcecode.swift; path = RealmViewModel.swift; sourceTree = "<group>"; };
		38E5704E23E580CC00122636 /* ApiViewController.swift */ = {isa = PBXFileReference; lastKnownFileType = sourcecode.swift; path = ApiViewController.swift; sourceTree = "<group>"; };
		38E5704F23E580CC00122636 /* ApiViewController.xib */ = {isa = PBXFileReference; lastKnownFileType = file.xib; path = ApiViewController.xib; sourceTree = "<group>"; };
		38E5705223E580E100122636 /* ApiViewModel.swift */ = {isa = PBXFileReference; lastKnownFileType = sourcecode.swift; path = ApiViewModel.swift; sourceTree = "<group>"; };
		38E5705423E582BA00122636 /* ApiModel.swift */ = {isa = PBXFileReference; lastKnownFileType = sourcecode.swift; path = ApiModel.swift; sourceTree = "<group>"; };
		39B73437C78F1B06A136173E /* Pods-Swift_Practice.release.xcconfig */ = {isa = PBXFileReference; includeInIndex = 1; lastKnownFileType = text.xcconfig; name = "Pods-Swift_Practice.release.xcconfig"; path = "Target Support Files/Pods-Swift_Practice/Pods-Swift_Practice.release.xcconfig"; sourceTree = "<group>"; };
		7298E96A511DB18B524C570F /* Pods_Swift_Practice.framework */ = {isa = PBXFileReference; explicitFileType = wrapper.framework; includeInIndex = 0; path = Pods_Swift_Practice.framework; sourceTree = BUILT_PRODUCTS_DIR; };
/* End PBXFileReference section */

/* Begin PBXFrameworksBuildPhase section */
		3864511023D9B42600E75BAD /* Frameworks */ = {
			isa = PBXFrameworksBuildPhase;
			buildActionMask = 2147483647;
			files = (
				3288FC50E09B67BC3C937D05 /* Pods_Swift_Practice.framework in Frameworks */,
			);
			runOnlyForDeploymentPostprocessing = 0;
		};
/* End PBXFrameworksBuildPhase section */

/* Begin PBXGroup section */
		3864510A23D9B42600E75BAD = {
			isa = PBXGroup;
			children = (
				3864511523D9B42600E75BAD /* Swift_Practice */,
				3864511423D9B42600E75BAD /* Products */,
				7103E94CE3E8F2269724E5F4 /* Pods */,
				78830B3854C1E80A7D209FF6 /* Frameworks */,
			);
			sourceTree = "<group>";
		};
		3864511423D9B42600E75BAD /* Products */ = {
			isa = PBXGroup;
			children = (
				3864511323D9B42600E75BAD /* Swift_Practice.app */,
			);
			name = Products;
			sourceTree = "<group>";
		};
		3864511523D9B42600E75BAD /* Swift_Practice */ = {
			isa = PBXGroup;
			children = (
				3864513323D9F64A00E75BAD /* Models */,
				3864513623DD649600E75BAD /* ViewModels */,
				3864512A23D9B4BA00E75BAD /* Views */,
				3864511623D9B42600E75BAD /* AppDelegate.swift */,
				3864511823D9B42600E75BAD /* SceneDelegate.swift */,
				3864511A23D9B42600E75BAD /* ContentView.swift */,
				3864511C23D9B42800E75BAD /* Assets.xcassets */,
				3864512123D9B42800E75BAD /* LaunchScreen.storyboard */,
				3864512423D9B42800E75BAD /* Info.plist */,
				3864511E23D9B42800E75BAD /* Preview Content */,
			);
			path = Swift_Practice;
			sourceTree = "<group>";
		};
		3864511E23D9B42800E75BAD /* Preview Content */ = {
			isa = PBXGroup;
			children = (
				3864511F23D9B42800E75BAD /* Preview Assets.xcassets */,
			);
			path = "Preview Content";
			sourceTree = "<group>";
		};
		3864512A23D9B4BA00E75BAD /* Views */ = {
			isa = PBXGroup;
			children = (
				3864512B23D9B4DF00E75BAD /* TableViewController.swift */,
				3864512C23D9B4DF00E75BAD /* TableViewController.xib */,
				3864512F23D9C07100E75BAD /* ExampleViewController.swift */,
				3864513023D9C07100E75BAD /* ExampleViewController.xib */,
				387617AF23E4738D001B70A8 /* DetailViewController.swift */,
				387617B023E4738D001B70A8 /* DetailViewController.xib */,
				387617B323E51D56001B70A8 /* RealmViewController.swift */,
				387617B423E51D56001B70A8 /* RealmViewController.xib */,
				38E5704E23E580CC00122636 /* ApiViewController.swift */,
				38E5704F23E580CC00122636 /* ApiViewController.xib */,
			);
			path = Views;
			sourceTree = "<group>";
		};
		3864513323D9F64A00E75BAD /* Models */ = {
			isa = PBXGroup;
			children = (
				3864513423D9F67100E75BAD /* SectionOfCustomData.swift */,
				387617B723E52780001B70A8 /* RealmModel.swift */,
				38E5705423E582BA00122636 /* ApiModel.swift */,
			);
			path = Models;
			sourceTree = "<group>";
		};
		3864513623DD649600E75BAD /* ViewModels */ = {
			isa = PBXGroup;
			children = (
				3864513723DD665100E75BAD /* TableViewModel.swift */,
				387617B923E53838001B70A8 /* RealmViewModel.swift */,
				38E5705223E580E100122636 /* ApiViewModel.swift */,
			);
			path = ViewModels;
			sourceTree = "<group>";
		};
		7103E94CE3E8F2269724E5F4 /* Pods */ = {
			isa = PBXGroup;
			children = (
				29918EF2A4FBC581F70C69BE /* Pods-Swift_Practice.debug.xcconfig */,
				39B73437C78F1B06A136173E /* Pods-Swift_Practice.release.xcconfig */,
			);
			path = Pods;
			sourceTree = "<group>";
		};
		78830B3854C1E80A7D209FF6 /* Frameworks */ = {
			isa = PBXGroup;
			children = (
				7298E96A511DB18B524C570F /* Pods_Swift_Practice.framework */,
			);
			name = Frameworks;
			sourceTree = "<group>";
		};
/* End PBXGroup section */

/* Begin PBXNativeTarget section */
		3864511223D9B42600E75BAD /* Swift_Practice */ = {
			isa = PBXNativeTarget;
			buildConfigurationList = 3864512723D9B42800E75BAD /* Build configuration list for PBXNativeTarget "Swift_Practice" */;
			buildPhases = (
				38C68F8B02B1CD528BD76255 /* [CP] Check Pods Manifest.lock */,
				3864510F23D9B42600E75BAD /* Sources */,
				3864511023D9B42600E75BAD /* Frameworks */,
				3864511123D9B42600E75BAD /* Resources */,
				42904D0612BAA9BE7C96DB37 /* [CP] Embed Pods Frameworks */,
			);
			buildRules = (
			);
			dependencies = (
			);
			name = Swift_Practice;
			productName = Swift_Practice;
			productReference = 3864511323D9B42600E75BAD /* Swift_Practice.app */;
			productType = "com.apple.product-type.application";
		};
/* End PBXNativeTarget section */

/* Begin PBXProject section */
		3864510B23D9B42600E75BAD /* Project object */ = {
			isa = PBXProject;
			attributes = {
				LastSwiftUpdateCheck = 1110;
				LastUpgradeCheck = 1110;
				ORGANIZATIONNAME = "深見龍一";
				TargetAttributes = {
					3864511223D9B42600E75BAD = {
						CreatedOnToolsVersion = 11.1;
					};
				};
			};
			buildConfigurationList = 3864510E23D9B42600E75BAD /* Build configuration list for PBXProject "Swift_Practice" */;
			compatibilityVersion = "Xcode 9.3";
			developmentRegion = en;
			hasScannedForEncodings = 0;
			knownRegions = (
				en,
				Base,
			);
			mainGroup = 3864510A23D9B42600E75BAD;
			productRefGroup = 3864511423D9B42600E75BAD /* Products */;
			projectDirPath = "";
			projectRoot = "";
			targets = (
				3864511223D9B42600E75BAD /* Swift_Practice */,
			);
		};
/* End PBXProject section */

/* Begin PBXResourcesBuildPhase section */
		3864511123D9B42600E75BAD /* Resources */ = {
			isa = PBXResourcesBuildPhase;
			buildActionMask = 2147483647;
			files = (
				3864512323D9B42800E75BAD /* LaunchScreen.storyboard in Resources */,
				387617B223E4738D001B70A8 /* DetailViewController.xib in Resources */,
				3864512023D9B42800E75BAD /* Preview Assets.xcassets in Resources */,
				3864511D23D9B42800E75BAD /* Assets.xcassets in Resources */,
				3864512E23D9B4DF00E75BAD /* TableViewController.xib in Resources */,
				387617B623E51D56001B70A8 /* RealmViewController.xib in Resources */,
				3864513223D9C07100E75BAD /* ExampleViewController.xib in Resources */,
				38E5705123E580CC00122636 /* ApiViewController.xib in Resources */,
			);
			runOnlyForDeploymentPostprocessing = 0;
		};
/* End PBXResourcesBuildPhase section */

/* Begin PBXShellScriptBuildPhase section */
		38C68F8B02B1CD528BD76255 /* [CP] Check Pods Manifest.lock */ = {
			isa = PBXShellScriptBuildPhase;
			buildActionMask = 2147483647;
			files = (
			);
			inputFileListPaths = (
			);
			inputPaths = (
				"${PODS_PODFILE_DIR_PATH}/Podfile.lock",
				"${PODS_ROOT}/Manifest.lock",
			);
			name = "[CP] Check Pods Manifest.lock";
			outputFileListPaths = (
			);
			outputPaths = (
				"$(DERIVED_FILE_DIR)/Pods-Swift_Practice-checkManifestLockResult.txt",
			);
			runOnlyForDeploymentPostprocessing = 0;
			shellPath = /bin/sh;
			shellScript = "diff \"${PODS_PODFILE_DIR_PATH}/Podfile.lock\" \"${PODS_ROOT}/Manifest.lock\" > /dev/null\nif [ $? != 0 ] ; then\n    # print error to STDERR\n    echo \"error: The sandbox is not in sync with the Podfile.lock. Run 'pod install' or update your CocoaPods installation.\" >&2\n    exit 1\nfi\n# This output is used by Xcode 'outputs' to avoid re-running this script phase.\necho \"SUCCESS\" > \"${SCRIPT_OUTPUT_FILE_0}\"\n";
			showEnvVarsInLog = 0;
		};
		42904D0612BAA9BE7C96DB37 /* [CP] Embed Pods Frameworks */ = {
			isa = PBXShellScriptBuildPhase;
			buildActionMask = 2147483647;
			files = (
			);
			inputFileListPaths = (
				"${PODS_ROOT}/Target Support Files/Pods-Swift_Practice/Pods-Swift_Practice-frameworks-${CONFIGURATION}-input-files.xcfilelist",
			);
			name = "[CP] Embed Pods Frameworks";
			outputFileListPaths = (
				"${PODS_ROOT}/Target Support Files/Pods-Swift_Practice/Pods-Swift_Practice-frameworks-${CONFIGURATION}-output-files.xcfilelist",
			);
			runOnlyForDeploymentPostprocessing = 0;
			shellPath = /bin/sh;
			shellScript = "\"${PODS_ROOT}/Target Support Files/Pods-Swift_Practice/Pods-Swift_Practice-frameworks.sh\"\n";
			showEnvVarsInLog = 0;
		};
/* End PBXShellScriptBuildPhase section */

/* Begin PBXSourcesBuildPhase section */
		3864510F23D9B42600E75BAD /* Sources */ = {
			isa = PBXSourcesBuildPhase;
			buildActionMask = 2147483647;
			files = (
				3864511723D9B42600E75BAD /* AppDelegate.swift in Sources */,
				3864513823DD665100E75BAD /* TableViewModel.swift in Sources */,
				3864511923D9B42600E75BAD /* SceneDelegate.swift in Sources */,
				387617B823E52780001B70A8 /* RealmModel.swift in Sources */,
				387617BA23E53838001B70A8 /* RealmViewModel.swift in Sources */,
				3864511B23D9B42600E75BAD /* ContentView.swift in Sources */,
				3864513523D9F67100E75BAD /* SectionOfCustomData.swift in Sources */,
				38E5705023E580CC00122636 /* ApiViewController.swift in Sources */,
				38E5705523E582BA00122636 /* ApiModel.swift in Sources */,
				3864512D23D9B4DF00E75BAD /* TableViewController.swift in Sources */,
				387617B523E51D56001B70A8 /* RealmViewController.swift in Sources */,
				38E5705323E580E100122636 /* ApiViewModel.swift in Sources */,
				3864513123D9C07100E75BAD /* ExampleViewController.swift in Sources */,
				387617B123E4738D001B70A8 /* DetailViewController.swift in Sources */,
			);
			runOnlyForDeploymentPostprocessing = 0;
		};
/* End PBXSourcesBuildPhase section */

/* Begin PBXVariantGroup section */
		3864512123D9B42800E75BAD /* LaunchScreen.storyboard */ = {
			isa = PBXVariantGroup;
			children = (
				3864512223D9B42800E75BAD /* Base */,
			);
			name = LaunchScreen.storyboard;
			sourceTree = "<group>";
		};
/* End PBXVariantGroup section */

/* Begin XCBuildConfiguration section */
		3864512523D9B42800E75BAD /* Debug */ = {
			isa = XCBuildConfiguration;
			buildSettings = {
				ALWAYS_SEARCH_USER_PATHS = NO;
				CLANG_ANALYZER_NONNULL = YES;
				CLANG_ANALYZER_NUMBER_OBJECT_CONVERSION = YES_AGGRESSIVE;
				CLANG_CXX_LANGUAGE_STANDARD = "gnu++14";
				CLANG_CXX_LIBRARY = "libc++";
				CLANG_ENABLE_MODULES = YES;
				CLANG_ENABLE_OBJC_ARC = YES;
				CLANG_ENABLE_OBJC_WEAK = YES;
				CLANG_WARN_BLOCK_CAPTURE_AUTORELEASING = YES;
				CLANG_WARN_BOOL_CONVERSION = YES;
				CLANG_WARN_COMMA = YES;
				CLANG_WARN_CONSTANT_CONVERSION = YES;
				CLANG_WARN_DEPRECATED_OBJC_IMPLEMENTATIONS = YES;
				CLANG_WARN_DIRECT_OBJC_ISA_USAGE = YES_ERROR;
				CLANG_WARN_DOCUMENTATION_COMMENTS = YES;
				CLANG_WARN_EMPTY_BODY = YES;
				CLANG_WARN_ENUM_CONVERSION = YES;
				CLANG_WARN_INFINITE_RECURSION = YES;
				CLANG_WARN_INT_CONVERSION = YES;
				CLANG_WARN_NON_LITERAL_NULL_CONVERSION = YES;
				CLANG_WARN_OBJC_IMPLICIT_RETAIN_SELF = YES;
				CLANG_WARN_OBJC_LITERAL_CONVERSION = YES;
				CLANG_WARN_OBJC_ROOT_CLASS = YES_ERROR;
				CLANG_WARN_RANGE_LOOP_ANALYSIS = YES;
				CLANG_WARN_STRICT_PROTOTYPES = YES;
				CLANG_WARN_SUSPICIOUS_MOVE = YES;
				CLANG_WARN_UNGUARDED_AVAILABILITY = YES_AGGRESSIVE;
				CLANG_WARN_UNREACHABLE_CODE = YES;
				CLANG_WARN__DUPLICATE_METHOD_MATCH = YES;
				COPY_PHASE_STRIP = NO;
				DEBUG_INFORMATION_FORMAT = dwarf;
				ENABLE_STRICT_OBJC_MSGSEND = YES;
				ENABLE_TESTABILITY = YES;
				GCC_C_LANGUAGE_STANDARD = gnu11;
				GCC_DYNAMIC_NO_PIC = NO;
				GCC_NO_COMMON_BLOCKS = YES;
				GCC_OPTIMIZATION_LEVEL = 0;
				GCC_PREPROCESSOR_DEFINITIONS = (
					"DEBUG=1",
					"$(inherited)",
				);
				GCC_WARN_64_TO_32_BIT_CONVERSION = YES;
				GCC_WARN_ABOUT_RETURN_TYPE = YES_ERROR;
				GCC_WARN_UNDECLARED_SELECTOR = YES;
				GCC_WARN_UNINITIALIZED_AUTOS = YES_AGGRESSIVE;
				GCC_WARN_UNUSED_FUNCTION = YES;
				GCC_WARN_UNUSED_VARIABLE = YES;
				IPHONEOS_DEPLOYMENT_TARGET = 13.1;
				MTL_ENABLE_DEBUG_INFO = INCLUDE_SOURCE;
				MTL_FAST_MATH = YES;
				ONLY_ACTIVE_ARCH = YES;
				SDKROOT = iphoneos;
				SWIFT_ACTIVE_COMPILATION_CONDITIONS = DEBUG;
				SWIFT_OPTIMIZATION_LEVEL = "-Onone";
			};
			name = Debug;
		};
		3864512623D9B42800E75BAD /* Release */ = {
			isa = XCBuildConfiguration;
			buildSettings = {
				ALWAYS_SEARCH_USER_PATHS = NO;
				CLANG_ANALYZER_NONNULL = YES;
				CLANG_ANALYZER_NUMBER_OBJECT_CONVERSION = YES_AGGRESSIVE;
				CLANG_CXX_LANGUAGE_STANDARD = "gnu++14";
				CLANG_CXX_LIBRARY = "libc++";
				CLANG_ENABLE_MODULES = YES;
				CLANG_ENABLE_OBJC_ARC = YES;
				CLANG_ENABLE_OBJC_WEAK = YES;
				CLANG_WARN_BLOCK_CAPTURE_AUTORELEASING = YES;
				CLANG_WARN_BOOL_CONVERSION = YES;
				CLANG_WARN_COMMA = YES;
				CLANG_WARN_CONSTANT_CONVERSION = YES;
				CLANG_WARN_DEPRECATED_OBJC_IMPLEMENTATIONS = YES;
				CLANG_WARN_DIRECT_OBJC_ISA_USAGE = YES_ERROR;
				CLANG_WARN_DOCUMENTATION_COMMENTS = YES;
				CLANG_WARN_EMPTY_BODY = YES;
				CLANG_WARN_ENUM_CONVERSION = YES;
				CLANG_WARN_INFINITE_RECURSION = YES;
				CLANG_WARN_INT_CONVERSION = YES;
				CLANG_WARN_NON_LITERAL_NULL_CONVERSION = YES;
				CLANG_WARN_OBJC_IMPLICIT_RETAIN_SELF = YES;
				CLANG_WARN_OBJC_LITERAL_CONVERSION = YES;
				CLANG_WARN_OBJC_ROOT_CLASS = YES_ERROR;
				CLANG_WARN_RANGE_LOOP_ANALYSIS = YES;
				CLANG_WARN_STRICT_PROTOTYPES = YES;
				CLANG_WARN_SUSPICIOUS_MOVE = YES;
				CLANG_WARN_UNGUARDED_AVAILABILITY = YES_AGGRESSIVE;
				CLANG_WARN_UNREACHABLE_CODE = YES;
				CLANG_WARN__DUPLICATE_METHOD_MATCH = YES;
				COPY_PHASE_STRIP = NO;
				DEBUG_INFORMATION_FORMAT = "dwarf-with-dsym";
				ENABLE_NS_ASSERTIONS = NO;
				ENABLE_STRICT_OBJC_MSGSEND = YES;
				GCC_C_LANGUAGE_STANDARD = gnu11;
				GCC_NO_COMMON_BLOCKS = YES;
				GCC_WARN_64_TO_32_BIT_CONVERSION = YES;
				GCC_WARN_ABOUT_RETURN_TYPE = YES_ERROR;
				GCC_WARN_UNDECLARED_SELECTOR = YES;
				GCC_WARN_UNINITIALIZED_AUTOS = YES_AGGRESSIVE;
				GCC_WARN_UNUSED_FUNCTION = YES;
				GCC_WARN_UNUSED_VARIABLE = YES;
				IPHONEOS_DEPLOYMENT_TARGET = 13.1;
				MTL_ENABLE_DEBUG_INFO = NO;
				MTL_FAST_MATH = YES;
				SDKROOT = iphoneos;
				SWIFT_COMPILATION_MODE = wholemodule;
				SWIFT_OPTIMIZATION_LEVEL = "-O";
				VALIDATE_PRODUCT = YES;
			};
			name = Release;
		};
		3864512823D9B42800E75BAD /* Debug */ = {
			isa = XCBuildConfiguration;
			baseConfigurationReference = 29918EF2A4FBC581F70C69BE /* Pods-Swift_Practice.debug.xcconfig */;
			buildSettings = {
				ASSETCATALOG_COMPILER_APPICON_NAME = AppIcon;
				CODE_SIGN_STYLE = Automatic;
				DEVELOPMENT_ASSET_PATHS = "\"Swift_Practice/Preview Content\"";
				DEVELOPMENT_TEAM = 24QMQJ28XJ;
				ENABLE_PREVIEWS = YES;
				INFOPLIST_FILE = Swift_Practice/Info.plist;
				LD_RUNPATH_SEARCH_PATHS = (
					"$(inherited)",
					"@executable_path/Frameworks",
				);
				PRODUCT_BUNDLE_IDENTIFIER = "jp.co.ryu1fukami.Swift-Practice";
				PRODUCT_NAME = "$(TARGET_NAME)";
				SWIFT_VERSION = 5.0;
				TARGETED_DEVICE_FAMILY = "1,2";
			};
			name = Debug;
		};
		3864512923D9B42800E75BAD /* Release */ = {
			isa = XCBuildConfiguration;
			baseConfigurationReference = 39B73437C78F1B06A136173E /* Pods-Swift_Practice.release.xcconfig */;
			buildSettings = {
				ASSETCATALOG_COMPILER_APPICON_NAME = AppIcon;
				CODE_SIGN_STYLE = Automatic;
				DEVELOPMENT_ASSET_PATHS = "\"Swift_Practice/Preview Content\"";
				DEVELOPMENT_TEAM = 24QMQJ28XJ;
				ENABLE_PREVIEWS = YES;
				INFOPLIST_FILE = Swift_Practice/Info.plist;
				LD_RUNPATH_SEARCH_PATHS = (
					"$(inherited)",
					"@executable_path/Frameworks",
				);
				PRODUCT_BUNDLE_IDENTIFIER = "jp.co.ryu1fukami.Swift-Practice";
				PRODUCT_NAME = "$(TARGET_NAME)";
				SWIFT_VERSION = 5.0;
				TARGETED_DEVICE_FAMILY = "1,2";
			};
			name = Release;
		};
/* End XCBuildConfiguration section */

/* Begin XCConfigurationList section */
		3864510E23D9B42600E75BAD /* Build configuration list for PBXProject "Swift_Practice" */ = {
			isa = XCConfigurationList;
			buildConfigurations = (
				3864512523D9B42800E75BAD /* Debug */,
				3864512623D9B42800E75BAD /* Release */,
			);
			defaultConfigurationIsVisible = 0;
			defaultConfigurationName = Release;
		};
		3864512723D9B42800E75BAD /* Build configuration list for PBXNativeTarget "Swift_Practice" */ = {
			isa = XCConfigurationList;
			buildConfigurations = (
				3864512823D9B42800E75BAD /* Debug */,
				3864512923D9B42800E75BAD /* Release */,
			);
			defaultConfigurationIsVisible = 0;
			defaultConfigurationName = Release;
		};
/* End XCConfigurationList section */
	};
	rootObject = 3864510B23D9B42600E75BAD /* Project object */;
}
